// !$*UTF8*$!
{
	archiveVersion = 1;
	classes = {
	};
	objectVersion = 50;
	objects = {

/* Begin PBXBuildFile section */
		7204D9D6256EDAFD00D6C054 /* ChatViewController.swift in Sources */ = {isa = PBXBuildFile; fileRef = 7204D9D5256EDAFD00D6C054 /* ChatViewController.swift */; };
		7216FB51256D868F0019AF45 /* AppDelegate.swift in Sources */ = {isa = PBXBuildFile; fileRef = 7216FB50256D868F0019AF45 /* AppDelegate.swift */; };
		7216FB53256D868F0019AF45 /* SceneDelegate.swift in Sources */ = {isa = PBXBuildFile; fileRef = 7216FB52256D868F0019AF45 /* SceneDelegate.swift */; };
		7216FB55256D868F0019AF45 /* ViewController.swift in Sources */ = {isa = PBXBuildFile; fileRef = 7216FB54256D868F0019AF45 /* ViewController.swift */; };
		7216FB58256D868F0019AF45 /* Main.storyboard in Resources */ = {isa = PBXBuildFile; fileRef = 7216FB56256D868F0019AF45 /* Main.storyboard */; };
		7216FB5B256D868F0019AF45 /* ChatProject.xcdatamodeld in Sources */ = {isa = PBXBuildFile; fileRef = 7216FB59256D868F0019AF45 /* ChatProject.xcdatamodeld */; };
		7216FB5D256D86900019AF45 /* Assets.xcassets in Resources */ = {isa = PBXBuildFile; fileRef = 7216FB5C256D86900019AF45 /* Assets.xcassets */; };
		7216FB60256D86900019AF45 /* LaunchScreen.storyboard in Resources */ = {isa = PBXBuildFile; fileRef = 7216FB5E256D86900019AF45 /* LaunchScreen.storyboard */; };
		7216FB6B256D86900019AF45 /* ChatProjectTests.swift in Sources */ = {isa = PBXBuildFile; fileRef = 7216FB6A256D86900019AF45 /* ChatProjectTests.swift */; };
		7216FB76256D86900019AF45 /* ChatProjectUITests.swift in Sources */ = {isa = PBXBuildFile; fileRef = 7216FB75256D86900019AF45 /* ChatProjectUITests.swift */; };
		7216FB8F256D874F0019AF45 /* CloudKit.framework in Frameworks */ = {isa = PBXBuildFile; fileRef = 7216FB8E256D874F0019AF45 /* CloudKit.framework */; };
		DF2107042576D59B0063F8AC /* TableViewCell.swift in Sources */ = {isa = PBXBuildFile; fileRef = DF2107032576D59B0063F8AC /* TableViewCell.swift */; };
/* End PBXBuildFile section */

/* Begin PBXContainerItemProxy section */
		7216FB67256D86900019AF45 /* PBXContainerItemProxy */ = {
			isa = PBXContainerItemProxy;
			containerPortal = 7216FB45256D868F0019AF45 /* Project object */;
			proxyType = 1;
			remoteGlobalIDString = 7216FB4C256D868F0019AF45;
			remoteInfo = ChatProject;
		};
		7216FB72256D86900019AF45 /* PBXContainerItemProxy */ = {
			isa = PBXContainerItemProxy;
			containerPortal = 7216FB45256D868F0019AF45 /* Project object */;
			proxyType = 1;
			remoteGlobalIDString = 7216FB4C256D868F0019AF45;
			remoteInfo = ChatProject;
		};
/* End PBXContainerItemProxy section */

/* Begin PBXFileReference section */
		7204D9D5256EDAFD00D6C054 /* ChatViewController.swift */ = {isa = PBXFileReference; lastKnownFileType = sourcecode.swift; path = ChatViewController.swift; sourceTree = "<group>"; };
		7216FB4D256D868F0019AF45 /* ChatProject.app */ = {isa = PBXFileReference; explicitFileType = wrapper.application; includeInIndex = 0; path = ChatProject.app; sourceTree = BUILT_PRODUCTS_DIR; };
		7216FB50256D868F0019AF45 /* AppDelegate.swift */ = {isa = PBXFileReference; lastKnownFileType = sourcecode.swift; path = AppDelegate.swift; sourceTree = "<group>"; };
		7216FB52256D868F0019AF45 /* SceneDelegate.swift */ = {isa = PBXFileReference; lastKnownFileType = sourcecode.swift; path = SceneDelegate.swift; sourceTree = "<group>"; };
		7216FB54256D868F0019AF45 /* ViewController.swift */ = {isa = PBXFileReference; lastKnownFileType = sourcecode.swift; path = ViewController.swift; sourceTree = "<group>"; };
		7216FB57256D868F0019AF45 /* Base */ = {isa = PBXFileReference; lastKnownFileType = file.storyboard; name = Base; path = Base.lproj/Main.storyboard; sourceTree = "<group>"; };
		7216FB5A256D868F0019AF45 /* ChatProject.xcdatamodel */ = {isa = PBXFileReference; lastKnownFileType = wrapper.xcdatamodel; path = ChatProject.xcdatamodel; sourceTree = "<group>"; };
		7216FB5C256D86900019AF45 /* Assets.xcassets */ = {isa = PBXFileReference; lastKnownFileType = folder.assetcatalog; path = Assets.xcassets; sourceTree = "<group>"; };
		7216FB5F256D86900019AF45 /* Base */ = {isa = PBXFileReference; lastKnownFileType = file.storyboard; name = Base; path = Base.lproj/LaunchScreen.storyboard; sourceTree = "<group>"; };
		7216FB61256D86900019AF45 /* Info.plist */ = {isa = PBXFileReference; lastKnownFileType = text.plist.xml; path = Info.plist; sourceTree = "<group>"; };
		7216FB66256D86900019AF45 /* ChatProjectTests.xctest */ = {isa = PBXFileReference; explicitFileType = wrapper.cfbundle; includeInIndex = 0; path = ChatProjectTests.xctest; sourceTree = BUILT_PRODUCTS_DIR; };
		7216FB6A256D86900019AF45 /* ChatProjectTests.swift */ = {isa = PBXFileReference; lastKnownFileType = sourcecode.swift; path = ChatProjectTests.swift; sourceTree = "<group>"; };
		7216FB6C256D86900019AF45 /* Info.plist */ = {isa = PBXFileReference; lastKnownFileType = text.plist.xml; path = Info.plist; sourceTree = "<group>"; };
		7216FB71256D86900019AF45 /* ChatProjectUITests.xctest */ = {isa = PBXFileReference; explicitFileType = wrapper.cfbundle; includeInIndex = 0; path = ChatProjectUITests.xctest; sourceTree = BUILT_PRODUCTS_DIR; };
		7216FB75256D86900019AF45 /* ChatProjectUITests.swift */ = {isa = PBXFileReference; lastKnownFileType = sourcecode.swift; path = ChatProjectUITests.swift; sourceTree = "<group>"; };
		7216FB77256D86900019AF45 /* Info.plist */ = {isa = PBXFileReference; lastKnownFileType = text.plist.xml; path = Info.plist; sourceTree = "<group>"; };
		7216FB8C256D87490019AF45 /* ChatProject.entitlements */ = {isa = PBXFileReference; lastKnownFileType = text.plist.entitlements; path = ChatProject.entitlements; sourceTree = "<group>"; };
		7216FB8E256D874F0019AF45 /* CloudKit.framework */ = {isa = PBXFileReference; lastKnownFileType = wrapper.framework; name = CloudKit.framework; path = System/Library/Frameworks/CloudKit.framework; sourceTree = SDKROOT; };
		DF2107032576D59B0063F8AC /* TableViewCell.swift */ = {isa = PBXFileReference; lastKnownFileType = sourcecode.swift; path = TableViewCell.swift; sourceTree = "<group>"; };
/* End PBXFileReference section */

/* Begin PBXFrameworksBuildPhase section */
		7216FB4A256D868F0019AF45 /* Frameworks */ = {
			isa = PBXFrameworksBuildPhase;
			buildActionMask = 2147483647;
			files = (
				7216FB8F256D874F0019AF45 /* CloudKit.framework in Frameworks */,
			);
			runOnlyForDeploymentPostprocessing = 0;
		};
		7216FB63256D86900019AF45 /* Frameworks */ = {
			isa = PBXFrameworksBuildPhase;
			buildActionMask = 2147483647;
			files = (
			);
			runOnlyForDeploymentPostprocessing = 0;
		};
		7216FB6E256D86900019AF45 /* Frameworks */ = {
			isa = PBXFrameworksBuildPhase;
			buildActionMask = 2147483647;
			files = (
			);
			runOnlyForDeploymentPostprocessing = 0;
		};
/* End PBXFrameworksBuildPhase section */

/* Begin PBXGroup section */
		7216FB44256D868F0019AF45 = {
			isa = PBXGroup;
			children = (
				7216FB4F256D868F0019AF45 /* ChatProject */,
				7216FB61256D86900019AF45 /* Info.plist */,
				7216FB59256D868F0019AF45 /* ChatProject.xcdatamodeld */,
				7216FB69256D86900019AF45 /* ChatProjectTests */,
				7216FB74256D86900019AF45 /* ChatProjectUITests */,
				7216FB4E256D868F0019AF45 /* Products */,
				7216FB8D256D874F0019AF45 /* Frameworks */,
			);
			sourceTree = "<group>";
		};
		7216FB4E256D868F0019AF45 /* Products */ = {
			isa = PBXGroup;
			children = (
				7216FB4D256D868F0019AF45 /* ChatProject.app */,
				7216FB66256D86900019AF45 /* ChatProjectTests.xctest */,
				7216FB71256D86900019AF45 /* ChatProjectUITests.xctest */,
			);
			name = Products;
			sourceTree = "<group>";
		};
		7216FB4F256D868F0019AF45 /* ChatProject */ = {
			isa = PBXGroup;
			children = (
				7216FB8C256D87490019AF45 /* ChatProject.entitlements */,
				7216FB86256D86970019AF45 /* Model */,
				7216FB87256D86A00019AF45 /* View */,
				7216FB8B256D86AF0019AF45 /* Controller */,
			);
			path = ChatProject;
			sourceTree = "<group>";
		};
		7216FB69256D86900019AF45 /* ChatProjectTests */ = {
			isa = PBXGroup;
			children = (
				7216FB6A256D86900019AF45 /* ChatProjectTests.swift */,
				7216FB6C256D86900019AF45 /* Info.plist */,
			);
			path = ChatProjectTests;
			sourceTree = "<group>";
		};
		7216FB74256D86900019AF45 /* ChatProjectUITests */ = {
			isa = PBXGroup;
			children = (
				7216FB75256D86900019AF45 /* ChatProjectUITests.swift */,
				7216FB77256D86900019AF45 /* Info.plist */,
			);
			path = ChatProjectUITests;
			sourceTree = "<group>";
		};
		7216FB86256D86970019AF45 /* Model */ = {
			isa = PBXGroup;
			children = (
				7216FB50256D868F0019AF45 /* AppDelegate.swift */,
				7216FB52256D868F0019AF45 /* SceneDelegate.swift */,
			);
			path = Model;
			sourceTree = "<group>";
		};
		7216FB87256D86A00019AF45 /* View */ = {
			isa = PBXGroup;
			children = (
				7216FB5C256D86900019AF45 /* Assets.xcassets */,
				7216FB5E256D86900019AF45 /* LaunchScreen.storyboard */,
				7216FB56256D868F0019AF45 /* Main.storyboard */,
			);
			path = View;
			sourceTree = "<group>";
		};
		7216FB8B256D86AF0019AF45 /* Controller */ = {
			isa = PBXGroup;
			children = (
				7216FB54256D868F0019AF45 /* ViewController.swift */,
				DF2107032576D59B0063F8AC /* TableViewCell.swift */,
				7204D9D5256EDAFD00D6C054 /* ChatViewController.swift */,
			);
			path = Controller;
			sourceTree = "<group>";
		};
		7216FB8D256D874F0019AF45 /* Frameworks */ = {
			isa = PBXGroup;
			children = (
				7216FB8E256D874F0019AF45 /* CloudKit.framework */,
			);
			name = Frameworks;
			sourceTree = "<group>";
		};
/* End PBXGroup section */

/* Begin PBXNativeTarget section */
		7216FB4C256D868F0019AF45 /* ChatProject */ = {
			isa = PBXNativeTarget;
			buildConfigurationList = 7216FB7A256D86900019AF45 /* Build configuration list for PBXNativeTarget "ChatProject" */;
			buildPhases = (
				7216FB49256D868F0019AF45 /* Sources */,
				7216FB4A256D868F0019AF45 /* Frameworks */,
				7216FB4B256D868F0019AF45 /* Resources */,
			);
			buildRules = (
			);
			dependencies = (
			);
			name = ChatProject;
			productName = ChatProject;
			productReference = 7216FB4D256D868F0019AF45 /* ChatProject.app */;
			productType = "com.apple.product-type.application";
		};
		7216FB65256D86900019AF45 /* ChatProjectTests */ = {
			isa = PBXNativeTarget;
			buildConfigurationList = 7216FB7D256D86900019AF45 /* Build configuration list for PBXNativeTarget "ChatProjectTests" */;
			buildPhases = (
				7216FB62256D86900019AF45 /* Sources */,
				7216FB63256D86900019AF45 /* Frameworks */,
				7216FB64256D86900019AF45 /* Resources */,
			);
			buildRules = (
			);
			dependencies = (
				7216FB68256D86900019AF45 /* PBXTargetDependency */,
			);
			name = ChatProjectTests;
			productName = ChatProjectTests;
			productReference = 7216FB66256D86900019AF45 /* ChatProjectTests.xctest */;
			productType = "com.apple.product-type.bundle.unit-test";
		};
		7216FB70256D86900019AF45 /* ChatProjectUITests */ = {
			isa = PBXNativeTarget;
			buildConfigurationList = 7216FB80256D86900019AF45 /* Build configuration list for PBXNativeTarget "ChatProjectUITests" */;
			buildPhases = (
				7216FB6D256D86900019AF45 /* Sources */,
				7216FB6E256D86900019AF45 /* Frameworks */,
				7216FB6F256D86900019AF45 /* Resources */,
			);
			buildRules = (
			);
			dependencies = (
				7216FB73256D86900019AF45 /* PBXTargetDependency */,
			);
			name = ChatProjectUITests;
			productName = ChatProjectUITests;
			productReference = 7216FB71256D86900019AF45 /* ChatProjectUITests.xctest */;
			productType = "com.apple.product-type.bundle.ui-testing";
		};
/* End PBXNativeTarget section */

/* Begin PBXProject section */
		7216FB45256D868F0019AF45 /* Project object */ = {
			isa = PBXProject;
			attributes = {
				LastSwiftUpdateCheck = 1220;
				LastUpgradeCheck = 1220;
				TargetAttributes = {
					7216FB4C256D868F0019AF45 = {
						CreatedOnToolsVersion = 12.2;
					};
					7216FB65256D86900019AF45 = {
						CreatedOnToolsVersion = 12.2;
						TestTargetID = 7216FB4C256D868F0019AF45;
					};
					7216FB70256D86900019AF45 = {
						CreatedOnToolsVersion = 12.2;
						TestTargetID = 7216FB4C256D868F0019AF45;
					};
				};
			};
			buildConfigurationList = 7216FB48256D868F0019AF45 /* Build configuration list for PBXProject "ChatProject" */;
			compatibilityVersion = "Xcode 9.3";
			developmentRegion = en;
			hasScannedForEncodings = 0;
			knownRegions = (
				en,
				Base,
			);
			mainGroup = 7216FB44256D868F0019AF45;
			productRefGroup = 7216FB4E256D868F0019AF45 /* Products */;
			projectDirPath = "";
			projectRoot = "";
			targets = (
				7216FB4C256D868F0019AF45 /* ChatProject */,
				7216FB65256D86900019AF45 /* ChatProjectTests */,
				7216FB70256D86900019AF45 /* ChatProjectUITests */,
			);
		};
/* End PBXProject section */

/* Begin PBXResourcesBuildPhase section */
		7216FB4B256D868F0019AF45 /* Resources */ = {
			isa = PBXResourcesBuildPhase;
			buildActionMask = 2147483647;
			files = (
				7216FB60256D86900019AF45 /* LaunchScreen.storyboard in Resources */,
				7216FB5D256D86900019AF45 /* Assets.xcassets in Resources */,
				7216FB58256D868F0019AF45 /* Main.storyboard in Resources */,
			);
			runOnlyForDeploymentPostprocessing = 0;
		};
		7216FB64256D86900019AF45 /* Resources */ = {
			isa = PBXResourcesBuildPhase;
			buildActionMask = 2147483647;
			files = (
			);
			runOnlyForDeploymentPostprocessing = 0;
		};
		7216FB6F256D86900019AF45 /* Resources */ = {
			isa = PBXResourcesBuildPhase;
			buildActionMask = 2147483647;
			files = (
			);
			runOnlyForDeploymentPostprocessing = 0;
		};
/* End PBXResourcesBuildPhase section */

/* Begin PBXSourcesBuildPhase section */
		7216FB49256D868F0019AF45 /* Sources */ = {
			isa = PBXSourcesBuildPhase;
			buildActionMask = 2147483647;
			files = (
				7216FB55256D868F0019AF45 /* ViewController.swift in Sources */,
				7216FB51256D868F0019AF45 /* AppDelegate.swift in Sources */,
				7216FB53256D868F0019AF45 /* SceneDelegate.swift in Sources */,
				DF2107042576D59B0063F8AC /* TableViewCell.swift in Sources */,
				7204D9D6256EDAFD00D6C054 /* ChatViewController.swift in Sources */,
				7216FB5B256D868F0019AF45 /* ChatProject.xcdatamodeld in Sources */,
			);
			runOnlyForDeploymentPostprocessing = 0;
		};
		7216FB62256D86900019AF45 /* Sources */ = {
			isa = PBXSourcesBuildPhase;
			buildActionMask = 2147483647;
			files = (
				7216FB6B256D86900019AF45 /* ChatProjectTests.swift in Sources */,
			);
			runOnlyForDeploymentPostprocessing = 0;
		};
		7216FB6D256D86900019AF45 /* Sources */ = {
			isa = PBXSourcesBuildPhase;
			buildActionMask = 2147483647;
			files = (
				7216FB76256D86900019AF45 /* ChatProjectUITests.swift in Sources */,
			);
			runOnlyForDeploymentPostprocessing = 0;
		};
/* End PBXSourcesBuildPhase section */

/* Begin PBXTargetDependency section */
		7216FB68256D86900019AF45 /* PBXTargetDependency */ = {
			isa = PBXTargetDependency;
			target = 7216FB4C256D868F0019AF45 /* ChatProject */;
			targetProxy = 7216FB67256D86900019AF45 /* PBXContainerItemProxy */;
		};
		7216FB73256D86900019AF45 /* PBXTargetDependency */ = {
			isa = PBXTargetDependency;
			target = 7216FB4C256D868F0019AF45 /* ChatProject */;
			targetProxy = 7216FB72256D86900019AF45 /* PBXContainerItemProxy */;
		};
/* End PBXTargetDependency section */

/* Begin PBXVariantGroup section */
		7216FB56256D868F0019AF45 /* Main.storyboard */ = {
			isa = PBXVariantGroup;
			children = (
				7216FB57256D868F0019AF45 /* Base */,
			);
			name = Main.storyboard;
			sourceTree = "<group>";
		};
		7216FB5E256D86900019AF45 /* LaunchScreen.storyboard */ = {
			isa = PBXVariantGroup;
			children = (
				7216FB5F256D86900019AF45 /* Base */,
			);
			name = LaunchScreen.storyboard;
			sourceTree = "<group>";
		};
/* End PBXVariantGroup section */

/* Begin XCBuildConfiguration section */
		7216FB78256D86900019AF45 /* Debug */ = {
			isa = XCBuildConfiguration;
			buildSettings = {
				ALWAYS_SEARCH_USER_PATHS = NO;
				CLANG_ANALYZER_NONNULL = YES;
				CLANG_ANALYZER_NUMBER_OBJECT_CONVERSION = YES_AGGRESSIVE;
				CLANG_CXX_LANGUAGE_STANDARD = "gnu++14";
				CLANG_CXX_LIBRARY = "libc++";
				CLANG_ENABLE_MODULES = YES;
				CLANG_ENABLE_OBJC_ARC = YES;
				CLANG_ENABLE_OBJC_WEAK = YES;
				CLANG_WARN_BLOCK_CAPTURE_AUTORELEASING = YES;
				CLANG_WARN_BOOL_CONVERSION = YES;
				CLANG_WARN_COMMA = YES;
				CLANG_WARN_CONSTANT_CONVERSION = YES;
				CLANG_WARN_DEPRECATED_OBJC_IMPLEMENTATIONS = YES;
				CLANG_WARN_DIRECT_OBJC_ISA_USAGE = YES_ERROR;
				CLANG_WARN_DOCUMENTATION_COMMENTS = YES;
				CLANG_WARN_EMPTY_BODY = YES;
				CLANG_WARN_ENUM_CONVERSION = YES;
				CLANG_WARN_INFINITE_RECURSION = YES;
				CLANG_WARN_INT_CONVERSION = YES;
				CLANG_WARN_NON_LITERAL_NULL_CONVERSION = YES;
				CLANG_WARN_OBJC_IMPLICIT_RETAIN_SELF = YES;
				CLANG_WARN_OBJC_LITERAL_CONVERSION = YES;
				CLANG_WARN_OBJC_ROOT_CLASS = YES_ERROR;
				CLANG_WARN_QUOTED_INCLUDE_IN_FRAMEWORK_HEADER = YES;
				CLANG_WARN_RANGE_LOOP_ANALYSIS = YES;
				CLANG_WARN_STRICT_PROTOTYPES = YES;
				CLANG_WARN_SUSPICIOUS_MOVE = YES;
				CLANG_WARN_UNGUARDED_AVAILABILITY = YES_AGGRESSIVE;
				CLANG_WARN_UNREACHABLE_CODE = YES;
				CLANG_WARN__DUPLICATE_METHOD_MATCH = YES;
				COPY_PHASE_STRIP = NO;
				DEBUG_INFORMATION_FORMAT = dwarf;
				ENABLE_STRICT_OBJC_MSGSEND = YES;
				ENABLE_TESTABILITY = YES;
				GCC_C_LANGUAGE_STANDARD = gnu11;
				GCC_DYNAMIC_NO_PIC = NO;
				GCC_NO_COMMON_BLOCKS = YES;
				GCC_OPTIMIZATION_LEVEL = 0;
				GCC_PREPROCESSOR_DEFINITIONS = (
					"DEBUG=1",
					"$(inherited)",
				);
				GCC_WARN_64_TO_32_BIT_CONVERSION = YES;
				GCC_WARN_ABOUT_RETURN_TYPE = YES_ERROR;
				GCC_WARN_UNDECLARED_SELECTOR = YES;
				GCC_WARN_UNINITIALIZED_AUTOS = YES_AGGRESSIVE;
				GCC_WARN_UNUSED_FUNCTION = YES;
				GCC_WARN_UNUSED_VARIABLE = YES;
				IPHONEOS_DEPLOYMENT_TARGET = 14.2;
				MTL_ENABLE_DEBUG_INFO = INCLUDE_SOURCE;
				MTL_FAST_MATH = YES;
				ONLY_ACTIVE_ARCH = YES;
				SDKROOT = iphoneos;
				SWIFT_ACTIVE_COMPILATION_CONDITIONS = DEBUG;
				SWIFT_OPTIMIZATION_LEVEL = "-Onone";
			};
			name = Debug;
		};
		7216FB79256D86900019AF45 /* Release */ = {
			isa = XCBuildConfiguration;
			buildSettings = {
				ALWAYS_SEARCH_USER_PATHS = NO;
				CLANG_ANALYZER_NONNULL = YES;
				CLANG_ANALYZER_NUMBER_OBJECT_CONVERSION = YES_AGGRESSIVE;
				CLANG_CXX_LANGUAGE_STANDARD = "gnu++14";
				CLANG_CXX_LIBRARY = "libc++";
				CLANG_ENABLE_MODULES = YES;
				CLANG_ENABLE_OBJC_ARC = YES;
				CLANG_ENABLE_OBJC_WEAK = YES;
				CLANG_WARN_BLOCK_CAPTURE_AUTORELEASING = YES;
				CLANG_WARN_BOOL_CONVERSION = YES;
				CLANG_WARN_COMMA = YES;
				CLANG_WARN_CONSTANT_CONVERSION = YES;
				CLANG_WARN_DEPRECATED_OBJC_IMPLEMENTATIONS = YES;
				CLANG_WARN_DIRECT_OBJC_ISA_USAGE = YES_ERROR;
				CLANG_WARN_DOCUMENTATION_COMMENTS = YES;
				CLANG_WARN_EMPTY_BODY = YES;
				CLANG_WARN_ENUM_CONVERSION = YES;
				CLANG_WARN_INFINITE_RECURSION = YES;
				CLANG_WARN_INT_CONVERSION = YES;
				CLANG_WARN_NON_LITERAL_NULL_CONVERSION = YES;
				CLANG_WARN_OBJC_IMPLICIT_RETAIN_SELF = YES;
				CLANG_WARN_OBJC_LITERAL_CONVERSION = YES;
				CLANG_WARN_OBJC_ROOT_CLASS = YES_ERROR;
				CLANG_WARN_QUOTED_INCLUDE_IN_FRAMEWORK_HEADER = YES;
				CLANG_WARN_RANGE_LOOP_ANALYSIS = YES;
				CLANG_WARN_STRICT_PROTOTYPES = YES;
				CLANG_WARN_SUSPICIOUS_MOVE = YES;
				CLANG_WARN_UNGUARDED_AVAILABILITY = YES_AGGRESSIVE;
				CLANG_WARN_UNREACHABLE_CODE = YES;
				CLANG_WARN__DUPLICATE_METHOD_MATCH = YES;
				COPY_PHASE_STRIP = NO;
				DEBUG_INFORMATION_FORMAT = "dwarf-with-dsym";
				ENABLE_NS_ASSERTIONS = NO;
				ENABLE_STRICT_OBJC_MSGSEND = YES;
				GCC_C_LANGUAGE_STANDARD = gnu11;
				GCC_NO_COMMON_BLOCKS = YES;
				GCC_WARN_64_TO_32_BIT_CONVERSION = YES;
				GCC_WARN_ABOUT_RETURN_TYPE = YES_ERROR;
				GCC_WARN_UNDECLARED_SELECTOR = YES;
				GCC_WARN_UNINITIALIZED_AUTOS = YES_AGGRESSIVE;
				GCC_WARN_UNUSED_FUNCTION = YES;
				GCC_WARN_UNUSED_VARIABLE = YES;
				IPHONEOS_DEPLOYMENT_TARGET = 14.2;
				MTL_ENABLE_DEBUG_INFO = NO;
				MTL_FAST_MATH = YES;
				SDKROOT = iphoneos;
				SWIFT_COMPILATION_MODE = wholemodule;
				SWIFT_OPTIMIZATION_LEVEL = "-O";
				VALIDATE_PRODUCT = YES;
			};
			name = Release;
		};
		7216FB7B256D86900019AF45 /* Debug */ = {
			isa = XCBuildConfiguration;
			buildSettings = {
				ASSETCATALOG_COMPILER_APPICON_NAME = AppIcon;
				ASSETCATALOG_COMPILER_GLOBAL_ACCENT_COLOR_NAME = AccentColor;
				CODE_SIGN_ENTITLEMENTS = ChatProject/ChatProject.entitlements;
				CODE_SIGN_STYLE = Automatic;
				DEVELOPMENT_TEAM = TSL9RRYSR6;
				INFOPLIST_FILE = "$(SRCROOT)/Info.plist";
				LD_RUNPATH_SEARCH_PATHS = (
					"$(inherited)",
					"@executable_path/Frameworks",
				);
				PRODUCT_BUNDLE_IDENTIFIER = com.Gabriel.ChatProject;
				PRODUCT_NAME = "$(TARGET_NAME)";
				SWIFT_VERSION = 5.0;
				TARGETED_DEVICE_FAMILY = 1;
			};
			name = Debug;
		};
		7216FB7C256D86900019AF45 /* Release */ = {
			isa = XCBuildConfiguration;
			buildSettings = {
				ASSETCATALOG_COMPILER_APPICON_NAME = AppIcon;
				ASSETCATALOG_COMPILER_GLOBAL_ACCENT_COLOR_NAME = AccentColor;
				CODE_SIGN_ENTITLEMENTS = ChatProject/ChatProject.entitlements;
				CODE_SIGN_STYLE = Automatic;
				DEVELOPMENT_TEAM = TSL9RRYSR6;
				INFOPLIST_FILE = "$(SRCROOT)/Info.plist";
				LD_RUNPATH_SEARCH_PATHS = (
					"$(inherited)",
					"@executable_path/Frameworks",
				);
				PRODUCT_BUNDLE_IDENTIFIER = com.Gabriel.ChatProject;
				PRODUCT_NAME = "$(TARGET_NAME)";
				SWIFT_VERSION = 5.0;
				TARGETED_DEVICE_FAMILY = 1;
			};
			name = Release;
		};
		7216FB7E256D86900019AF45 /* Debug */ = {
			isa = XCBuildConfiguration;
			buildSettings = {
				ALWAYS_EMBED_SWIFT_STANDARD_LIBRARIES = YES;
				BUNDLE_LOADER = "$(TEST_HOST)";
				CODE_SIGN_STYLE = Automatic;
				DEVELOPMENT_TEAM = TSL9RRYSR6;
				INFOPLIST_FILE = ChatProjectTests/Info.plist;
				IPHONEOS_DEPLOYMENT_TARGET = 14.2;
				LD_RUNPATH_SEARCH_PATHS = (
					"$(inherited)",
					"@executable_path/Frameworks",
					"@loader_path/Frameworks",
				);
				PRODUCT_BUNDLE_IDENTIFIER = com.Gabriel.ChatProjectTests;
				PRODUCT_NAME = "$(TARGET_NAME)";
				SWIFT_VERSION = 5.0;
				TARGETED_DEVICE_FAMILY = "1,2";
				TEST_HOST = "$(BUILT_PRODUCTS_DIR)/ChatProject.app/ChatProject";
			};
			name = Debug;
		};
		7216FB7F256D86900019AF45 /* Release */ = {
			isa = XCBuildConfiguration;
			buildSettings = {
				ALWAYS_EMBED_SWIFT_STANDARD_LIBRARIES = YES;
				BUNDLE_LOADER = "$(TEST_HOST)";
				CODE_SIGN_STYLE = Automatic;
				DEVELOPMENT_TEAM = TSL9RRYSR6;
				INFOPLIST_FILE = ChatProjectTests/Info.plist;
				IPHONEOS_DEPLOYMENT_TARGET = 14.2;
				LD_RUNPATH_SEARCH_PATHS = (
					"$(inherited)",
					"@executable_path/Frameworks",
					"@loader_path/Frameworks",
				);
				PRODUCT_BUNDLE_IDENTIFIER = com.Gabriel.ChatProjectTests;
				PRODUCT_NAME = "$(TARGET_NAME)";
				SWIFT_VERSION = 5.0;
				TARGETED_DEVICE_FAMILY = "1,2";
				TEST_HOST = "$(BUILT_PRODUCTS_DIR)/ChatProject.app/ChatProject";
			};
			name = Release;
		};
		7216FB81256D86900019AF45 /* Debug */ = {
			isa = XCBuildConfiguration;
			buildSettings = {
				ALWAYS_EMBED_SWIFT_STANDARD_LIBRARIES = YES;
				CODE_SIGN_STYLE = Automatic;
				DEVELOPMENT_TEAM = TSL9RRYSR6;
				INFOPLIST_FILE = ChatProjectUITests/Info.plist;
				LD_RUNPATH_SEARCH_PATHS = (
					"$(inherited)",
					"@executable_path/Frameworks",
					"@loader_path/Frameworks",
				);
				PRODUCT_BUNDLE_IDENTIFIER = com.Gabriel.ChatProjectUITests;
				PRODUCT_NAME = "$(TARGET_NAME)";
				SWIFT_VERSION = 5.0;
				TARGETED_DEVICE_FAMILY = "1,2";
				TEST_TARGET_NAME = ChatProject;
			};
			name = Debug;
		};
		7216FB82256D86900019AF45 /* Release */ = {
			isa = XCBuildConfiguration;
			buildSettings = {
				ALWAYS_EMBED_SWIFT_STANDARD_LIBRARIES = YES;
				CODE_SIGN_STYLE = Automatic;
				DEVELOPMENT_TEAM = TSL9RRYSR6;
				INFOPLIST_FILE = ChatProjectUITests/Info.plist;
				LD_RUNPATH_SEARCH_PATHS = (
					"$(inherited)",
					"@executable_path/Frameworks",
					"@loader_path/Frameworks",
				);
				PRODUCT_BUNDLE_IDENTIFIER = com.Gabriel.ChatProjectUITests;
				PRODUCT_NAME = "$(TARGET_NAME)";
				SWIFT_VERSION = 5.0;
				TARGETED_DEVICE_FAMILY = "1,2";
				TEST_TARGET_NAME = ChatProject;
			};
			name = Release;
		};
/* End XCBuildConfiguration section */

/* Begin XCConfigurationList section */
		7216FB48256D868F0019AF45 /* Build configuration list for PBXProject "ChatProject" */ = {
			isa = XCConfigurationList;
			buildConfigurations = (
				7216FB78256D86900019AF45 /* Debug */,
				7216FB79256D86900019AF45 /* Release */,
			);
			defaultConfigurationIsVisible = 0;
			defaultConfigurationName = Release;
		};
		7216FB7A256D86900019AF45 /* Build configuration list for PBXNativeTarget "ChatProject" */ = {
			isa = XCConfigurationList;
			buildConfigurations = (
				7216FB7B256D86900019AF45 /* Debug */,
				7216FB7C256D86900019AF45 /* Release */,
			);
			defaultConfigurationIsVisible = 0;
			defaultConfigurationName = Release;
		};
		7216FB7D256D86900019AF45 /* Build configuration list for PBXNativeTarget "ChatProjectTests" */ = {
			isa = XCConfigurationList;
			buildConfigurations = (
				7216FB7E256D86900019AF45 /* Debug */,
				7216FB7F256D86900019AF45 /* Release */,
			);
			defaultConfigurationIsVisible = 0;
			defaultConfigurationName = Release;
		};
		7216FB80256D86900019AF45 /* Build configuration list for PBXNativeTarget "ChatProjectUITests" */ = {
			isa = XCConfigurationList;
			buildConfigurations = (
				7216FB81256D86900019AF45 /* Debug */,
				7216FB82256D86900019AF45 /* Release */,
			);
			defaultConfigurationIsVisible = 0;
			defaultConfigurationName = Release;
		};
/* End XCConfigurationList section */

/* Begin XCVersionGroup section */
		7216FB59256D868F0019AF45 /* ChatProject.xcdatamodeld */ = {
			isa = XCVersionGroup;
			children = (
				7216FB5A256D868F0019AF45 /* ChatProject.xcdatamodel */,
			);
			currentVersion = 7216FB5A256D868F0019AF45 /* ChatProject.xcdatamodel */;
			path = ChatProject.xcdatamodeld;
			sourceTree = "<group>";
			versionGroupType = wrapper.xcdatamodel;
		};
/* End XCVersionGroup section */
	};
	rootObject = 7216FB45256D868F0019AF45 /* Project object */;
}
